<Solution>
  <Folder Name="/src/">
    <Project Path="roadcast.Shared/roadcast.Shared.csproj" Id="21a01e0a-f867-40bf-b49f-6d15101582a4" />
    <Project Path="src/roadcast.Api/roadcast.Api.csproj" />
    <Project Path="src/roadcast.Application/roadcast.Application.csproj" Id="719e199e-b3af-406d-beab-e324bf1d7805" />
    <Project Path="src/roadcast.Domain/roadcast.Domain.csproj" Id="6a38023e-174c-404f-8542-b539f1fe05b0" />
    <Project Path="src/roadcast.Infrastructure/roadcast.Infrastructure.csproj" Id="9290566f-6cc1-4a48-8368-0fded11a17f7" />
  </Folder>
</Solution>
